
Microsoft Visual Studio Solution File, Format Version 12.00
# Visual Studio 2012
Project("{8BC9CEB8-8B4A-11D0-8D11-00A0C91BC942}") = "mibparse", "mibparse.vcxproj", "{B30794EB-F78E-45A4-91C5-35BEF0933DF0}"
EndProject
Global
	GlobalSection(SolutionConfigurationPlatforms) = preSolution
		Debug|Win32 = Debug|Win32
		debugMfc|Win32 = debugMfc|Win32
		debug-mfc|Win32 = debug-mfc|Win32
		Release|Win32 = Release|Win32
		release-mfc|Win32 = release-mfc|Win32
	EndGlobalSection
	GlobalSection(ProjectConfigurationPlatforms) = postSolution
		{B30794EB-F78E-45A4-91C5-35BEF0933DF0}.Debug|Win32.ActiveCfg = Debug|Win32
		{B30794EB-F78E-45A4-91C5-35BEF0933DF0}.Debug|Win32.Build.0 = Debug|Win32
		{B30794EB-F78E-45A4-91C5-35BEF0933DF0}.debugMfc|Win32.ActiveCfg = debugMfc|Win32
		{B30794EB-F78E-45A4-91C5-35BEF0933DF0}.debugMfc|Win32.Build.0 = debugMfc|Win32
		{B30794EB-F78E-45A4-91C5-35BEF0933DF0}.debug-mfc|Win32.ActiveCfg = Release|Win32
		{B30794EB-F78E-45A4-91C5-35BEF0933DF0}.debug-mfc|Win32.Build.0 = Release|Win32
		{B30794EB-F78E-45A4-91C5-35BEF0933DF0}.Release|Win32.ActiveCfg = Release|Win32
		{B30794EB-F78E-45A4-91C5-35BEF0933DF0}.Release|Win32.Build.0 = Release|Win32
		{B30794EB-F78E-45A4-91C5-35BEF0933DF0}.release-mfc|Win32.ActiveCfg = Release|Win32
		{B30794EB-F78E-45A4-91C5-35BEF0933DF0}.release-mfc|Win32.Build.0 = Release|Win32
	EndGlobalSection
	GlobalSection(SolutionProperties) = preSolution
		HideSolutionNode = FALSE
	EndGlobalSection
EndGlobal
