
Microsoft Visual Studio Solution File, Format Version 9.00
# Visual Studio 2005
Project("{8BC9CEB8-8B4A-11D0-8D11-00A0C91BC942}") = "mibdb", "mibdb.vcproj", "{3D87F5A1-1C89-4EDC-A8B2-46367D137DD2}"
EndProject
Global
	GlobalSection(SolutionConfigurationPlatforms) = preSolution
		Debug|Win32 = Debug|Win32
		debugMfc|Win32 = debugMfc|Win32
		Release|Win32 = Release|Win32
		release-mfc|Win32 = release-mfc|Win32
	EndGlobalSection
	GlobalSection(ProjectConfigurationPlatforms) = postSolution
		{3D87F5A1-1C89-4EDC-A8B2-46367D137DD2}.Debug|Win32.ActiveCfg = debug-mfc|Win32
		{3D87F5A1-1C89-4EDC-A8B2-46367D137DD2}.Debug|Win32.Build.0 = debug-mfc|Win32
		{3D87F5A1-1C89-4EDC-A8B2-46367D137DD2}.debugMfc|Win32.ActiveCfg = debugMfc|Win32
		{3D87F5A1-1C89-4EDC-A8B2-46367D137DD2}.debugMfc|Win32.Build.0 = debugMfc|Win32
		{3D87F5A1-1C89-4EDC-A8B2-46367D137DD2}.Release|Win32.ActiveCfg = Release|Win32
		{3D87F5A1-1C89-4EDC-A8B2-46367D137DD2}.Release|Win32.Build.0 = Release|Win32
		{3D87F5A1-1C89-4EDC-A8B2-46367D137DD2}.release-mfc|Win32.ActiveCfg = release-mfc|Win32
		{3D87F5A1-1C89-4EDC-A8B2-46367D137DD2}.release-mfc|Win32.Build.0 = release-mfc|Win32
	EndGlobalSection
	GlobalSection(SolutionProperties) = preSolution
		HideSolutionNode = FALSE
	EndGlobalSection
EndGlobal
